
Microsoft Visual Studio Solution File, Format Version 12.00
# Visual Studio 2013
VisualStudioVersion = 12.0.30723.0
MinimumVisualStudioVersion = 10.0.40219.1
Project("{FAE04EC0-301F-11D3-BF4B-00C04F79EFBC}") = "IssueTrackerApi", "IssueTrackerApi\IssueTrackerApi.csproj", "{26FF19AA-B9E9-4F0B-919D-475D1ABF3AB7}"
EndProject
Project("{FAE04EC0-301F-11D3-BF4B-00C04F79EFBC}") = "IssueTrackerApi.AcceptanceTests", "IssueTrackerApi.AcceptanceTests\IssueTrackerApi.AcceptanceTests.csproj", "{5927ED52-0173-4EF5-B481-80CA9DC23820}"
EndProject
Project("{FAE04EC0-301F-11D3-BF4B-00C04F79EFBC}") = "IssueTrackerApi.UnitTests", "IssueTrackerApi.UnitTests\IssueTrackerApi.UnitTests.csproj", "{5EC2B49E-716A-4193-978F-17C7B48841C2}"
EndProject
Project("{FAE04EC0-301F-11D3-BF4B-00C04F79EFBC}") = "IssueTrackerApi.Core", "IssueTrackerApi.Core\IssueTrackerApi.Core.csproj", "{767642F5-CEAB-4A3A-96F2-EC4E1C0C82F3}"
EndProject
Project("{FAE04EC0-301F-11D3-BF4B-00C04F79EFBC}") = "IssueTrackerApi.Services", "IssueTrackerApi.Services\IssueTrackerApi.Services.csproj", "{3B5FB640-6E0B-492C-8DE0-7020B1CC1831}"
EndProject
Project("{FAE04EC0-301F-11D3-BF4B-00C04F79EFBC}") = "IssueTrackerApi.Services.Integration.Tests", "IssueTrackerApi.Services.Integration.Tests\IssueTrackerApi.Services.Integration.Tests.csproj", "{618FAFD9-AA5A-490C-803D-68D291E55090}"
EndProject
Project("{FAE04EC0-301F-11D3-BF4B-00C04F79EFBC}") = "IssueTrackerApi.Web", "IssueTrackerApi.Web\IssueTrackerApi.Web.csproj", "{D9567445-2AE9-4007-BB71-99E3AB7BA572}"
EndProject
Project("{2150E333-8FDC-42A3-9474-1A3956D46DE8}") = ".nuget", ".nuget", "{36AE7B86-7FC8-495E-BB8B-1CFFE31E2E5D}"
	ProjectSection(SolutionItems) = preProject
		.nuget\packages.config = .nuget\packages.config
	EndProjectSection
EndProject
Global
	GlobalSection(SolutionConfigurationPlatforms) = preSolution
		Debug|Any CPU = Debug|Any CPU
		Release|Any CPU = Release|Any CPU
	EndGlobalSection
	GlobalSection(ProjectConfigurationPlatforms) = postSolution
		{26FF19AA-B9E9-4F0B-919D-475D1ABF3AB7}.Debug|Any CPU.ActiveCfg = Debug|Any CPU
		{26FF19AA-B9E9-4F0B-919D-475D1ABF3AB7}.Debug|Any CPU.Build.0 = Debug|Any CPU
		{26FF19AA-B9E9-4F0B-919D-475D1ABF3AB7}.Release|Any CPU.ActiveCfg = Release|Any CPU
		{26FF19AA-B9E9-4F0B-919D-475D1ABF3AB7}.Release|Any CPU.Build.0 = Release|Any CPU
		{5927ED52-0173-4EF5-B481-80CA9DC23820}.Debug|Any CPU.ActiveCfg = Debug|Any CPU
		{5927ED52-0173-4EF5-B481-80CA9DC23820}.Debug|Any CPU.Build.0 = Debug|Any CPU
		{5927ED52-0173-4EF5-B481-80CA9DC23820}.Release|Any CPU.ActiveCfg = Release|Any CPU
		{5927ED52-0173-4EF5-B481-80CA9DC23820}.Release|Any CPU.Build.0 = Release|Any CPU
		{5EC2B49E-716A-4193-978F-17C7B48841C2}.Debug|Any CPU.ActiveCfg = Debug|Any CPU
		{5EC2B49E-716A-4193-978F-17C7B48841C2}.Debug|Any CPU.Build.0 = Debug|Any CPU
		{5EC2B49E-716A-4193-978F-17C7B48841C2}.Release|Any CPU.ActiveCfg = Release|Any CPU
		{5EC2B49E-716A-4193-978F-17C7B48841C2}.Release|Any CPU.Build.0 = Release|Any CPU
		{767642F5-CEAB-4A3A-96F2-EC4E1C0C82F3}.Debug|Any CPU.ActiveCfg = Debug|Any CPU
		{767642F5-CEAB-4A3A-96F2-EC4E1C0C82F3}.Debug|Any CPU.Build.0 = Debug|Any CPU
		{767642F5-CEAB-4A3A-96F2-EC4E1C0C82F3}.Release|Any CPU.ActiveCfg = Release|Any CPU
		{767642F5-CEAB-4A3A-96F2-EC4E1C0C82F3}.Release|Any CPU.Build.0 = Release|Any CPU
		{3B5FB640-6E0B-492C-8DE0-7020B1CC1831}.Debug|Any CPU.ActiveCfg = Debug|Any CPU
		{3B5FB640-6E0B-492C-8DE0-7020B1CC1831}.Debug|Any CPU.Build.0 = Debug|Any CPU
		{3B5FB640-6E0B-492C-8DE0-7020B1CC1831}.Release|Any CPU.ActiveCfg = Release|Any CPU
		{3B5FB640-6E0B-492C-8DE0-7020B1CC1831}.Release|Any CPU.Build.0 = Release|Any CPU
		{618FAFD9-AA5A-490C-803D-68D291E55090}.Debug|Any CPU.ActiveCfg = Debug|Any CPU
		{618FAFD9-AA5A-490C-803D-68D291E55090}.Debug|Any CPU.Build.0 = Debug|Any CPU
		{618FAFD9-AA5A-490C-803D-68D291E55090}.Release|Any CPU.ActiveCfg = Release|Any CPU
		{618FAFD9-AA5A-490C-803D-68D291E55090}.Release|Any CPU.Build.0 = Release|Any CPU
		{D9567445-2AE9-4007-BB71-99E3AB7BA572}.Debug|Any CPU.ActiveCfg = Debug|Any CPU
		{D9567445-2AE9-4007-BB71-99E3AB7BA572}.Debug|Any CPU.Build.0 = Debug|Any CPU
		{D9567445-2AE9-4007-BB71-99E3AB7BA572}.Release|Any CPU.ActiveCfg = Release|Any CPU
		{D9567445-2AE9-4007-BB71-99E3AB7BA572}.Release|Any CPU.Build.0 = Release|Any CPU
	EndGlobalSection
	GlobalSection(SolutionProperties) = preSolution
		HideSolutionNode = FALSE
	EndGlobalSection
EndGlobal
