
Microsoft Visual Studio Solution File, Format Version 12.00
# Visual Studio 2013
VisualStudioVersion = 12.0.30723.0
MinimumVisualStudioVersion = 10.0.40219.1
Project("{FAE04EC0-301F-11D3-BF4B-00C04F79EFBC}") = "IssueTrackerApi", "IssueTrackerApi\IssueTrackerApi.csproj", "{26FF19AA-B9E9-4F0B-919D-475D1ABF3AB7}"
EndProject
Project("{FAE04EC0-301F-11D3-BF4B-00C04F79EFBC}") = "IssueTrackerApi.AcceptanceTests", "IssueTrackerApi.AcceptanceTests\IssueTrackerApi.AcceptanceTests.csproj", "{5927ED52-0173-4EF5-B481-80CA9DC23820}"
EndProject
Project("{FAE04EC0-301F-11D3-BF4B-00C04F79EFBC}") = "IssueTrackerApi.UnitTests", "IssueTrackerApi.UnitTests\IssueTrackerApi.UnitTests.csproj", "{5EC2B49E-716A-4193-978F-17C7B48841C2}"
EndProject
Global
	GlobalSection(SolutionConfigurationPlatforms) = preSolution
		Debug|Any CPU = Debug|Any CPU
		Release|Any CPU = Release|Any CPU
	EndGlobalSection
	GlobalSection(ProjectConfigurationPlatforms) = postSolution
		{26FF19AA-B9E9-4F0B-919D-475D1ABF3AB7}.Debug|Any CPU.ActiveCfg = Debug|Any CPU
		{26FF19AA-B9E9-4F0B-919D-475D1ABF3AB7}.Debug|Any CPU.Build.0 = Debug|Any CPU
		{26FF19AA-B9E9-4F0B-919D-475D1ABF3AB7}.Release|Any CPU.ActiveCfg = Release|Any CPU
		{26FF19AA-B9E9-4F0B-919D-475D1ABF3AB7}.Release|Any CPU.Build.0 = Release|Any CPU
		{5927ED52-0173-4EF5-B481-80CA9DC23820}.Debug|Any CPU.ActiveCfg = Debug|Any CPU
		{5927ED52-0173-4EF5-B481-80CA9DC23820}.Debug|Any CPU.Build.0 = Debug|Any CPU
		{5927ED52-0173-4EF5-B481-80CA9DC23820}.Release|Any CPU.ActiveCfg = Release|Any CPU
		{5927ED52-0173-4EF5-B481-80CA9DC23820}.Release|Any CPU.Build.0 = Release|Any CPU
		{5EC2B49E-716A-4193-978F-17C7B48841C2}.Debug|Any CPU.ActiveCfg = Debug|Any CPU
		{5EC2B49E-716A-4193-978F-17C7B48841C2}.Debug|Any CPU.Build.0 = Debug|Any CPU
		{5EC2B49E-716A-4193-978F-17C7B48841C2}.Release|Any CPU.ActiveCfg = Release|Any CPU
		{5EC2B49E-716A-4193-978F-17C7B48841C2}.Release|Any CPU.Build.0 = Release|Any CPU
	EndGlobalSection
	GlobalSection(SolutionProperties) = preSolution
		HideSolutionNode = FALSE
	EndGlobalSection
EndGlobal
